
Microsoft Visual Studio Solution File, Format Version 12.00
# Visual Studio 14
VisualStudioVersion = 14.0.23107.0
MinimumVisualStudioVersion = 10.0.40219.1
Project("{FAE04EC0-301F-11D3-BF4B-00C04F79EFBC}") = "SemanaAcademica", "SemanaAcademica\SemanaAcademica.csproj", "{A7A594B6-FE5B-46D2-AAD0-E91C3DF1A400}"
EndProject
Project("{FAE04EC0-301F-11D3-BF4B-00C04F79EFBC}") = "SemanaAcademica.ConnectionTest", "SemanaAcademica.ConnectionTest\SemanaAcademica.ConnectionTest.csproj", "{BB769D44-2283-4615-9E30-7FD2B222484F}"
EndProject
Global
	GlobalSection(SolutionConfigurationPlatforms) = preSolution
		Debug|Any CPU = Debug|Any CPU
		Release|Any CPU = Release|Any CPU
	EndGlobalSection
	GlobalSection(ProjectConfigurationPlatforms) = postSolution
		{A7A594B6-FE5B-46D2-AAD0-E91C3DF1A400}.Debug|Any CPU.ActiveCfg = Debug|Any CPU
		{A7A594B6-FE5B-46D2-AAD0-E91C3DF1A400}.Debug|Any CPU.Build.0 = Debug|Any CPU
		{A7A594B6-FE5B-46D2-AAD0-E91C3DF1A400}.Release|Any CPU.ActiveCfg = Release|Any CPU
		{A7A594B6-FE5B-46D2-AAD0-E91C3DF1A400}.Release|Any CPU.Build.0 = Release|Any CPU
		{BB769D44-2283-4615-9E30-7FD2B222484F}.Debug|Any CPU.ActiveCfg = Debug|Any CPU
		{BB769D44-2283-4615-9E30-7FD2B222484F}.Debug|Any CPU.Build.0 = Debug|Any CPU
		{BB769D44-2283-4615-9E30-7FD2B222484F}.Release|Any CPU.ActiveCfg = Release|Any CPU
		{BB769D44-2283-4615-9E30-7FD2B222484F}.Release|Any CPU.Build.0 = Release|Any CPU
	EndGlobalSection
	GlobalSection(SolutionProperties) = preSolution
		HideSolutionNode = FALSE
	EndGlobalSection
EndGlobal
